// !$*UTF8*$!
{
	archiveVersion = 1;
	classes = {
	};
	objectVersion = 46;
	objects = {

/* Begin PBXBuildFile section */
		EC41788F1EDCE7A5000FFF0C /* ConversionViewController.swift in Sources */ = {isa = PBXBuildFile; fileRef = EC41788E1EDCE7A5000FFF0C /* ConversionViewController.swift */; };
		EC8D36701EE2F7F700DA0918 /* MapKit.framework in Frameworks */ = {isa = PBXBuildFile; fileRef = EC8D366F1EE2F7F700DA0918 /* MapKit.framework */; };
		EC9BA0271EE31B3900F54C5A /* Assets.xcassets in Resources */ = {isa = PBXBuildFile; fileRef = EC9BA0261EE31B3900F54C5A /* Assets.xcassets */; };
		EC9BA0291EE3265D00F54C5A /* MapViewController.swift in Sources */ = {isa = PBXBuildFile; fileRef = EC9BA0281EE3265D00F54C5A /* MapViewController.swift */; };
		ECBED8681EDA8C9E0039AEA0 /* AppDelegate.swift in Sources */ = {isa = PBXBuildFile; fileRef = ECBED8671EDA8C9E0039AEA0 /* AppDelegate.swift */; };
		ECBED86D1EDA8C9E0039AEA0 /* Main.storyboard in Resources */ = {isa = PBXBuildFile; fileRef = ECBED86B1EDA8C9E0039AEA0 /* Main.storyboard */; };
		ECBED8721EDA8C9E0039AEA0 /* LaunchScreen.storyboard in Resources */ = {isa = PBXBuildFile; fileRef = ECBED8701EDA8C9E0039AEA0 /* LaunchScreen.storyboard */; };
		ECDEDE381EE479AB00500453 /* BookViewController.swift in Sources */ = {isa = PBXBuildFile; fileRef = ECDEDE371EE479AB00500453 /* BookViewController.swift */; };
		ECDEDE3A1EE47B4600500453 /* WebKit.framework in Frameworks */ = {isa = PBXBuildFile; fileRef = ECDEDE391EE47B4600500453 /* WebKit.framework */; };
/* End PBXBuildFile section */

/* Begin PBXFileReference section */
		EC41788E1EDCE7A5000FFF0C /* ConversionViewController.swift */ = {isa = PBXFileReference; fileEncoding = 4; lastKnownFileType = sourcecode.swift; name = ConversionViewController.swift; path = ../ConversionViewController.swift; sourceTree = "<group>"; };
		EC8D366F1EE2F7F700DA0918 /* MapKit.framework */ = {isa = PBXFileReference; lastKnownFileType = wrapper.framework; name = MapKit.framework; path = System/Library/Frameworks/MapKit.framework; sourceTree = SDKROOT; };
		EC9BA0261EE31B3900F54C5A /* Assets.xcassets */ = {isa = PBXFileReference; lastKnownFileType = folder.assetcatalog; path = Assets.xcassets; sourceTree = "<group>"; };
		EC9BA0281EE3265D00F54C5A /* MapViewController.swift */ = {isa = PBXFileReference; fileEncoding = 4; lastKnownFileType = sourcecode.swift; path = MapViewController.swift; sourceTree = "<group>"; };
		ECBED8641EDA8C9E0039AEA0 /* WorldTrotter.app */ = {isa = PBXFileReference; explicitFileType = wrapper.application; includeInIndex = 0; path = WorldTrotter.app; sourceTree = BUILT_PRODUCTS_DIR; };
		ECBED8671EDA8C9E0039AEA0 /* AppDelegate.swift */ = {isa = PBXFileReference; lastKnownFileType = sourcecode.swift; path = AppDelegate.swift; sourceTree = "<group>"; };
		ECBED86C1EDA8C9E0039AEA0 /* Base */ = {isa = PBXFileReference; lastKnownFileType = file.storyboard; name = Base; path = Base.lproj/Main.storyboard; sourceTree = "<group>"; };
		ECBED8711EDA8C9E0039AEA0 /* Base */ = {isa = PBXFileReference; lastKnownFileType = file.storyboard; name = Base; path = Base.lproj/LaunchScreen.storyboard; sourceTree = "<group>"; };
		ECBED8731EDA8C9E0039AEA0 /* Info.plist */ = {isa = PBXFileReference; lastKnownFileType = text.plist.xml; path = Info.plist; sourceTree = "<group>"; };
		ECDEDE371EE479AB00500453 /* BookViewController.swift */ = {isa = PBXFileReference; fileEncoding = 4; lastKnownFileType = sourcecode.swift; path = BookViewController.swift; sourceTree = "<group>"; };
		ECDEDE391EE47B4600500453 /* WebKit.framework */ = {isa = PBXFileReference; lastKnownFileType = wrapper.framework; name = WebKit.framework; path = System/Library/Frameworks/WebKit.framework; sourceTree = SDKROOT; };
/* End PBXFileReference section */

/* Begin PBXFrameworksBuildPhase section */
		ECBED8611EDA8C9E0039AEA0 /* Frameworks */ = {
			isa = PBXFrameworksBuildPhase;
			buildActionMask = 2147483647;
			files = (
				ECDEDE3A1EE47B4600500453 /* WebKit.framework in Frameworks */,
				EC8D36701EE2F7F700DA0918 /* MapKit.framework in Frameworks */,
			);
			runOnlyForDeploymentPostprocessing = 0;
		};
/* End PBXFrameworksBuildPhase section */

/* Begin PBXGroup section */
		EC8D366E1EE2F7F700DA0918 /* Frameworks */ = {
			isa = PBXGroup;
			children = (
				ECDEDE391EE47B4600500453 /* WebKit.framework */,
				EC8D366F1EE2F7F700DA0918 /* MapKit.framework */,
			);
			name = Frameworks;
			sourceTree = "<group>";
		};
		ECBED85B1EDA8C9E0039AEA0 = {
			isa = PBXGroup;
			children = (
				ECBED8661EDA8C9E0039AEA0 /* WorldTrotter */,
				ECBED8651EDA8C9E0039AEA0 /* Products */,
				EC8D366E1EE2F7F700DA0918 /* Frameworks */,
			);
			sourceTree = "<group>";
		};
		ECBED8651EDA8C9E0039AEA0 /* Products */ = {
			isa = PBXGroup;
			children = (
				ECBED8641EDA8C9E0039AEA0 /* WorldTrotter.app */,
			);
			name = Products;
			sourceTree = "<group>";
		};
		ECBED8661EDA8C9E0039AEA0 /* WorldTrotter */ = {
			isa = PBXGroup;
			children = (
				EC9BA0261EE31B3900F54C5A /* Assets.xcassets */,
				ECBED8671EDA8C9E0039AEA0 /* AppDelegate.swift */,
				ECBED86B1EDA8C9E0039AEA0 /* Main.storyboard */,
				ECBED8701EDA8C9E0039AEA0 /* LaunchScreen.storyboard */,
				ECBED8731EDA8C9E0039AEA0 /* Info.plist */,
				EC41788E1EDCE7A5000FFF0C /* ConversionViewController.swift */,
				EC9BA0281EE3265D00F54C5A /* MapViewController.swift */,
				ECDEDE371EE479AB00500453 /* BookViewController.swift */,
			);
			path = WorldTrotter;
			sourceTree = "<group>";
		};
/* End PBXGroup section */

/* Begin PBXNativeTarget section */
		ECBED8631EDA8C9E0039AEA0 /* WorldTrotter */ = {
			isa = PBXNativeTarget;
			buildConfigurationList = ECBED8761EDA8C9E0039AEA0 /* Build configuration list for PBXNativeTarget "WorldTrotter" */;
			buildPhases = (
				ECBED8601EDA8C9E0039AEA0 /* Sources */,
				ECBED8611EDA8C9E0039AEA0 /* Frameworks */,
				ECBED8621EDA8C9E0039AEA0 /* Resources */,
			);
			buildRules = (
			);
			dependencies = (
			);
			name = WorldTrotter;
			productName = WorldTrotter;
			productReference = ECBED8641EDA8C9E0039AEA0 /* WorldTrotter.app */;
			productType = "com.apple.product-type.application";
		};
/* End PBXNativeTarget section */

/* Begin PBXProject section */
		ECBED85C1EDA8C9E0039AEA0 /* Project object */ = {
			isa = PBXProject;
			attributes = {
				LastSwiftUpdateCheck = 0830;
				LastUpgradeCheck = 0830;
				ORGANIZATIONNAME = "Jason Moore";
				TargetAttributes = {
					ECBED8631EDA8C9E0039AEA0 = {
						CreatedOnToolsVersion = 8.3.2;
						DevelopmentTeam = 7FJ5Q6BJG6;
						ProvisioningStyle = Automatic;
					};
				};
			};
			buildConfigurationList = ECBED85F1EDA8C9E0039AEA0 /* Build configuration list for PBXProject "WorldTrotter" */;
			compatibilityVersion = "Xcode 3.2";
			developmentRegion = English;
			hasScannedForEncodings = 0;
			knownRegions = (
				en,
				Base,
			);
			mainGroup = ECBED85B1EDA8C9E0039AEA0;
			productRefGroup = ECBED8651EDA8C9E0039AEA0 /* Products */;
			projectDirPath = "";
			projectRoot = "";
			targets = (
				ECBED8631EDA8C9E0039AEA0 /* WorldTrotter */,
			);
		};
/* End PBXProject section */

/* Begin PBXResourcesBuildPhase section */
		ECBED8621EDA8C9E0039AEA0 /* Resources */ = {
			isa = PBXResourcesBuildPhase;
			buildActionMask = 2147483647;
			files = (
				ECBED8721EDA8C9E0039AEA0 /* LaunchScreen.storyboard in Resources */,
				EC9BA0271EE31B3900F54C5A /* Assets.xcassets in Resources */,
				ECBED86D1EDA8C9E0039AEA0 /* Main.storyboard in Resources */,
			);
			runOnlyForDeploymentPostprocessing = 0;
		};
/* End PBXResourcesBuildPhase section */

/* Begin PBXSourcesBuildPhase section */
		ECBED8601EDA8C9E0039AEA0 /* Sources */ = {
			isa = PBXSourcesBuildPhase;
			buildActionMask = 2147483647;
			files = (
				EC41788F1EDCE7A5000FFF0C /* ConversionViewController.swift in Sources */,
				ECDEDE381EE479AB00500453 /* BookViewController.swift in Sources */,
				EC9BA0291EE3265D00F54C5A /* MapViewController.swift in Sources */,
				ECBED8681EDA8C9E0039AEA0 /* AppDelegate.swift in Sources */,
			);
			runOnlyForDeploymentPostprocessing = 0;
		};
/* End PBXSourcesBuildPhase section */

/* Begin PBXVariantGroup section */
		ECBED86B1EDA8C9E0039AEA0 /* Main.storyboard */ = {
			isa = PBXVariantGroup;
			children = (
				ECBED86C1EDA8C9E0039AEA0 /* Base */,
			);
			name = Main.storyboard;
			sourceTree = "<group>";
		};
		ECBED8701EDA8C9E0039AEA0 /* LaunchScreen.storyboard */ = {
			isa = PBXVariantGroup;
			children = (
				ECBED8711EDA8C9E0039AEA0 /* Base */,
			);
			name = LaunchScreen.storyboard;
			sourceTree = "<group>";
		};
/* End PBXVariantGroup section */

/* Begin XCBuildConfiguration section */
		ECBED8741EDA8C9E0039AEA0 /* Debug */ = {
			isa = XCBuildConfiguration;
			buildSettings = {
				ALWAYS_SEARCH_USER_PATHS = NO;
				CLANG_ANALYZER_NONNULL = YES;
				CLANG_ANALYZER_NUMBER_OBJECT_CONVERSION = YES_AGGRESSIVE;
				CLANG_CXX_LANGUAGE_STANDARD = "gnu++0x";
				CLANG_CXX_LIBRARY = "libc++";
				CLANG_ENABLE_MODULES = YES;
				CLANG_ENABLE_OBJC_ARC = YES;
				CLANG_WARN_BOOL_CONVERSION = YES;
				CLANG_WARN_CONSTANT_CONVERSION = YES;
				CLANG_WARN_DIRECT_OBJC_ISA_USAGE = YES_ERROR;
				CLANG_WARN_DOCUMENTATION_COMMENTS = YES;
				CLANG_WARN_EMPTY_BODY = YES;
				CLANG_WARN_ENUM_CONVERSION = YES;
				CLANG_WARN_INFINITE_RECURSION = YES;
				CLANG_WARN_INT_CONVERSION = YES;
				CLANG_WARN_OBJC_ROOT_CLASS = YES_ERROR;
				CLANG_WARN_SUSPICIOUS_MOVE = YES;
				CLANG_WARN_UNREACHABLE_CODE = YES;
				CLANG_WARN__DUPLICATE_METHOD_MATCH = YES;
				"CODE_SIGN_IDENTITY[sdk=iphoneos*]" = "iPhone Developer";
				COPY_PHASE_STRIP = NO;
				DEBUG_INFORMATION_FORMAT = dwarf;
				ENABLE_STRICT_OBJC_MSGSEND = YES;
				ENABLE_TESTABILITY = YES;
				GCC_C_LANGUAGE_STANDARD = gnu99;
				GCC_DYNAMIC_NO_PIC = NO;
				GCC_NO_COMMON_BLOCKS = YES;
				GCC_OPTIMIZATION_LEVEL = 0;
				GCC_PREPROCESSOR_DEFINITIONS = (
					"DEBUG=1",
					"$(inherited)",
				);
				GCC_WARN_64_TO_32_BIT_CONVERSION = YES;
				GCC_WARN_ABOUT_RETURN_TYPE = YES_ERROR;
				GCC_WARN_UNDECLARED_SELECTOR = YES;
				GCC_WARN_UNINITIALIZED_AUTOS = YES_AGGRESSIVE;
				GCC_WARN_UNUSED_FUNCTION = YES;
				GCC_WARN_UNUSED_VARIABLE = YES;
				IPHONEOS_DEPLOYMENT_TARGET = 10.3;
				MTL_ENABLE_DEBUG_INFO = YES;
				ONLY_ACTIVE_ARCH = YES;
				SDKROOT = iphoneos;
				SWIFT_ACTIVE_COMPILATION_CONDITIONS = DEBUG;
				SWIFT_OPTIMIZATION_LEVEL = "-Onone";
				TARGETED_DEVICE_FAMILY = "1,2";
			};
			name = Debug;
		};
		ECBED8751EDA8C9E0039AEA0 /* Release */ = {
			isa = XCBuildConfiguration;
			buildSettings = {
				ALWAYS_SEARCH_USER_PATHS = NO;
				CLANG_ANALYZER_NONNULL = YES;
				CLANG_ANALYZER_NUMBER_OBJECT_CONVERSION = YES_AGGRESSIVE;
				CLANG_CXX_LANGUAGE_STANDARD = "gnu++0x";
				CLANG_CXX_LIBRARY = "libc++";
				CLANG_ENABLE_MODULES = YES;
				CLANG_ENABLE_OBJC_ARC = YES;
				CLANG_WARN_BOOL_CONVERSION = YES;
				CLANG_WARN_CONSTANT_CONVERSION = YES;
				CLANG_WARN_DIRECT_OBJC_ISA_USAGE = YES_ERROR;
				CLANG_WARN_DOCUMENTATION_COMMENTS = YES;
				CLANG_WARN_EMPTY_BODY = YES;
				CLANG_WARN_ENUM_CONVERSION = YES;
				CLANG_WARN_INFINITE_RECURSION = YES;
				CLANG_WARN_INT_CONVERSION = YES;
				CLANG_WARN_OBJC_ROOT_CLASS = YES_ERROR;
				CLANG_WARN_SUSPICIOUS_MOVE = YES;
				CLANG_WARN_UNREACHABLE_CODE = YES;
				CLANG_WARN__DUPLICATE_METHOD_MATCH = YES;
				"CODE_SIGN_IDENTITY[sdk=iphoneos*]" = "iPhone Developer";
				COPY_PHASE_STRIP = NO;
				DEBUG_INFORMATION_FORMAT = "dwarf-with-dsym";
				ENABLE_NS_ASSERTIONS = NO;
				ENABLE_STRICT_OBJC_MSGSEND = YES;
				GCC_C_LANGUAGE_STANDARD = gnu99;
				GCC_NO_COMMON_BLOCKS = YES;
				GCC_WARN_64_TO_32_BIT_CONVERSION = YES;
				GCC_WARN_ABOUT_RETURN_TYPE = YES_ERROR;
				GCC_WARN_UNDECLARED_SELECTOR = YES;
				GCC_WARN_UNINITIALIZED_AUTOS = YES_AGGRESSIVE;
				GCC_WARN_UNUSED_FUNCTION = YES;
				GCC_WARN_UNUSED_VARIABLE = YES;
				IPHONEOS_DEPLOYMENT_TARGET = 10.3;
				MTL_ENABLE_DEBUG_INFO = NO;
				SDKROOT = iphoneos;
				SWIFT_OPTIMIZATION_LEVEL = "-Owholemodule";
				TARGETED_DEVICE_FAMILY = "1,2";
				VALIDATE_PRODUCT = YES;
			};
			name = Release;
		};
		ECBED8771EDA8C9E0039AEA0 /* Debug */ = {
			isa = XCBuildConfiguration;
			buildSettings = {
				ASSETCATALOG_COMPILER_APPICON_NAME = AppIcon;
				DEVELOPMENT_TEAM = 7FJ5Q6BJG6;
				INFOPLIST_FILE = WorldTrotter/Info.plist;
				LD_RUNPATH_SEARCH_PATHS = "$(inherited) @executable_path/Frameworks";
				PRODUCT_BUNDLE_IDENTIFIER = com.teammoore.WorldTrotter;
				PRODUCT_NAME = "$(TARGET_NAME)";
				SWIFT_VERSION = 3.0;
			};
			name = Debug;
		};
		ECBED8781EDA8C9E0039AEA0 /* Release */ = {
			isa = XCBuildConfiguration;
			buildSettings = {
				ASSETCATALOG_COMPILER_APPICON_NAME = AppIcon;
				DEVELOPMENT_TEAM = 7FJ5Q6BJG6;
				INFOPLIST_FILE = WorldTrotter/Info.plist;
				LD_RUNPATH_SEARCH_PATHS = "$(inherited) @executable_path/Frameworks";
				PRODUCT_BUNDLE_IDENTIFIER = com.teammoore.WorldTrotter;
				PRODUCT_NAME = "$(TARGET_NAME)";
				SWIFT_VERSION = 3.0;
			};
			name = Release;
		};
/* End XCBuildConfiguration section */

/* Begin XCConfigurationList section */
		ECBED85F1EDA8C9E0039AEA0 /* Build configuration list for PBXProject "WorldTrotter" */ = {
			isa = XCConfigurationList;
			buildConfigurations = (
				ECBED8741EDA8C9E0039AEA0 /* Debug */,
				ECBED8751EDA8C9E0039AEA0 /* Release */,
			);
			defaultConfigurationIsVisible = 0;
			defaultConfigurationName = Release;
		};
		ECBED8761EDA8C9E0039AEA0 /* Build configuration list for PBXNativeTarget "WorldTrotter" */ = {
			isa = XCConfigurationList;
			buildConfigurations = (
				ECBED8771EDA8C9E0039AEA0 /* Debug */,
				ECBED8781EDA8C9E0039AEA0 /* Release */,
			);
			defaultConfigurationIsVisible = 0;
			defaultConfigurationName = Release;
		};
/* End XCConfigurationList section */
	};
	rootObject = ECBED85C1EDA8C9E0039AEA0 /* Project object */;
}
